// !$*UTF8*$!
{
	archiveVersion = 1;
	classes = {
	};
	objectVersion = 46;
	objects = {

/* Begin PBXBuildFile section */
		0E12A2671476532C00C5D2B0 /* UIKit.framework in Frameworks */ = {isa = PBXBuildFile; fileRef = 0E12A2661476532C00C5D2B0 /* UIKit.framework */; };
		0E12A2691476532C00C5D2B0 /* Foundation.framework in Frameworks */ = {isa = PBXBuildFile; fileRef = 0E12A2681476532C00C5D2B0 /* Foundation.framework */; };
		0E12A26B1476532C00C5D2B0 /* CoreGraphics.framework in Frameworks */ = {isa = PBXBuildFile; fileRef = 0E12A26A1476532C00C5D2B0 /* CoreGraphics.framework */; };
		0E12A2711476532C00C5D2B0 /* InfoPlist.strings in Resources */ = {isa = PBXBuildFile; fileRef = 0E12A26F1476532C00C5D2B0 /* InfoPlist.strings */; };
		0E12A2731476532C00C5D2B0 /* main.m in Sources */ = {isa = PBXBuildFile; fileRef = 0E12A2721476532C00C5D2B0 /* main.m */; };
		0E12A2771476532D00C5D2B0 /* AppDelegate.m in Sources */ = {isa = PBXBuildFile; fileRef = 0E12A2761476532D00C5D2B0 /* AppDelegate.m */; };
/* End PBXBuildFile section */

/* Begin PBXFileReference section */
		0E12A2621476532C00C5D2B0 /* CocoaPodsSample.app */ = {isa = PBXFileReference; explicitFileType = wrapper.application; includeInIndex = 0; path = CocoaPodsSample.app; sourceTree = BUILT_PRODUCTS_DIR; };
		0E12A2661476532C00C5D2B0 /* UIKit.framework */ = {isa = PBXFileReference; lastKnownFileType = wrapper.framework; name = UIKit.framework; path = System/Library/Frameworks/UIKit.framework; sourceTree = SDKROOT; };
		0E12A2681476532C00C5D2B0 /* Foundation.framework */ = {isa = PBXFileReference; lastKnownFileType = wrapper.framework; name = Foundation.framework; path = System/Library/Frameworks/Foundation.framework; sourceTree = SDKROOT; };
		0E12A26A1476532C00C5D2B0 /* CoreGraphics.framework */ = {isa = PBXFileReference; lastKnownFileType = wrapper.framework; name = CoreGraphics.framework; path = System/Library/Frameworks/CoreGraphics.framework; sourceTree = SDKROOT; };
		0E12A26E1476532C00C5D2B0 /* CocoaPodsSample-Info.plist */ = {isa = PBXFileReference; lastKnownFileType = text.plist.xml; path = "CocoaPodsSample-Info.plist"; sourceTree = "<group>"; };
		0E12A2701476532C00C5D2B0 /* en */ = {isa = PBXFileReference; lastKnownFileType = text.plist.strings; name = en; path = en.lproj/InfoPlist.strings; sourceTree = "<group>"; };
		0E12A2721476532C00C5D2B0 /* main.m */ = {isa = PBXFileReference; lastKnownFileType = sourcecode.c.objc; path = main.m; sourceTree = "<group>"; };
		0E12A2741476532D00C5D2B0 /* CocoaPodsSample-Prefix.pch */ = {isa = PBXFileReference; lastKnownFileType = sourcecode.c.h; path = "CocoaPodsSample-Prefix.pch"; sourceTree = "<group>"; };
		0E12A2751476532D00C5D2B0 /* AppDelegate.h */ = {isa = PBXFileReference; lastKnownFileType = sourcecode.c.h; path = AppDelegate.h; sourceTree = "<group>"; };
		0E12A2761476532D00C5D2B0 /* AppDelegate.m */ = {isa = PBXFileReference; lastKnownFileType = sourcecode.c.objc; path = AppDelegate.m; sourceTree = "<group>"; };
/* End PBXFileReference section */

/* Begin PBXFrameworksBuildPhase section */
		0E12A25F1476532C00C5D2B0 /* Frameworks */ = {
			isa = PBXFrameworksBuildPhase;
			buildActionMask = 2147483647;
			files = (
				0E12A2671476532C00C5D2B0 /* UIKit.framework in Frameworks */,
				0E12A2691476532C00C5D2B0 /* Foundation.framework in Frameworks */,
				0E12A26B1476532C00C5D2B0 /* CoreGraphics.framework in Frameworks */,
			);
			runOnlyForDeploymentPostprocessing = 0;
		};
/* End PBXFrameworksBuildPhase section */

/* Begin PBXGroup section */
		0E12A2571476532C00C5D2B0 = {
			isa = PBXGroup;
			children = (
				0E12A26C1476532C00C5D2B0 /* CocoaPodsSample */,
				0E12A2651476532C00C5D2B0 /* Frameworks */,
				0E12A2631476532C00C5D2B0 /* Products */,
			);
			sourceTree = "<group>";
		};
		0E12A2631476532C00C5D2B0 /* Products */ = {
			isa = PBXGroup;
			children = (
				0E12A2621476532C00C5D2B0 /* CocoaPodsSample.app */,
			);
			name = Products;
			sourceTree = "<group>";
		};
		0E12A2651476532C00C5D2B0 /* Frameworks */ = {
			isa = PBXGroup;
			children = (
				0E12A2661476532C00C5D2B0 /* UIKit.framework */,
				0E12A2681476532C00C5D2B0 /* Foundation.framework */,
				0E12A26A1476532C00C5D2B0 /* CoreGraphics.framework */,
			);
			name = Frameworks;
			sourceTree = "<group>";
		};
		0E12A26C1476532C00C5D2B0 /* CocoaPodsSample */ = {
			isa = PBXGroup;
			children = (
				0E12A2751476532D00C5D2B0 /* AppDelegate.h */,
				0E12A2761476532D00C5D2B0 /* AppDelegate.m */,
				0E12A26D1476532C00C5D2B0 /* Supporting Files */,
			);
			path = CocoaPodsSample;
			sourceTree = "<group>";
		};
		0E12A26D1476532C00C5D2B0 /* Supporting Files */ = {
			isa = PBXGroup;
			children = (
				0E12A26E1476532C00C5D2B0 /* CocoaPodsSample-Info.plist */,
				0E12A26F1476532C00C5D2B0 /* InfoPlist.strings */,
				0E12A2721476532C00C5D2B0 /* main.m */,
				0E12A2741476532D00C5D2B0 /* CocoaPodsSample-Prefix.pch */,
			);
			name = "Supporting Files";
			sourceTree = "<group>";
		};
/* End PBXGroup section */

/* Begin PBXNativeTarget section */
		0E12A2611476532C00C5D2B0 /* CocoaPodsSample */ = {
			isa = PBXNativeTarget;
			buildConfigurationList = 0E12A27A1476532D00C5D2B0 /* Build configuration list for PBXNativeTarget "CocoaPodsSample" */;
			buildPhases = (
				0E12A25E1476532C00C5D2B0 /* Sources */,
				0E12A25F1476532C00C5D2B0 /* Frameworks */,
				0E12A2601476532C00C5D2B0 /* Resources */,
			);
			buildRules = (
			);
			dependencies = (
			);
			name = CocoaPodsSample;
			productName = CocoaPodsSample;
			productReference = 0E12A2621476532C00C5D2B0 /* CocoaPodsSample.app */;
			productType = "com.apple.product-type.application";
		};
/* End PBXNativeTarget section */

/* Begin PBXProject section */
		0E12A2591476532C00C5D2B0 /* Project object */ = {
			isa = PBXProject;
			attributes = {
				LastUpgradeCheck = 0420;
			};
			buildConfigurationList = 0E12A25C1476532C00C5D2B0 /* Build configuration list for PBXProject "CocoaPodsSample" */;
			compatibilityVersion = "Xcode 3.2";
			developmentRegion = English;
			hasScannedForEncodings = 0;
			knownRegions = (
				en,
			);
			mainGroup = 0E12A2571476532C00C5D2B0;
			productRefGroup = 0E12A2631476532C00C5D2B0 /* Products */;
			projectDirPath = "";
			projectRoot = "";
			targets = (
				0E12A2611476532C00C5D2B0 /* CocoaPodsSample */,
			);
		};
/* End PBXProject section */

/* Begin PBXResourcesBuildPhase section */
		0E12A2601476532C00C5D2B0 /* Resources */ = {
			isa = PBXResourcesBuildPhase;
			buildActionMask = 2147483647;
			files = (
				0E12A2711476532C00C5D2B0 /* InfoPlist.strings in Resources */,
			);
			runOnlyForDeploymentPostprocessing = 0;
		};
/* End PBXResourcesBuildPhase section */

/* Begin PBXSourcesBuildPhase section */
		0E12A25E1476532C00C5D2B0 /* Sources */ = {
			isa = PBXSourcesBuildPhase;
			buildActionMask = 2147483647;
			files = (
				0E12A2731476532C00C5D2B0 /* main.m in Sources */,
				0E12A2771476532D00C5D2B0 /* AppDelegate.m in Sources */,
			);
			runOnlyForDeploymentPostprocessing = 0;
		};
/* End PBXSourcesBuildPhase section */

/* Begin PBXVariantGroup section */
		0E12A26F1476532C00C5D2B0 /* InfoPlist.strings */ = {
			isa = PBXVariantGroup;
			children = (
				0E12A2701476532C00C5D2B0 /* en */,
			);
			name = InfoPlist.strings;
			sourceTree = "<group>";
		};
/* End PBXVariantGroup section */

/* Begin XCBuildConfiguration section */
		0E12A2781476532D00C5D2B0 /* Debug */ = {
			isa = XCBuildConfiguration;
			buildSettings = {
				ALWAYS_SEARCH_USER_PATHS = NO;
				ARCHS = "$(ARCHS_STANDARD_32_BIT)";
				"CODE_SIGN_IDENTITY[sdk=iphoneos*]" = "iPhone Developer";
				COPY_PHASE_STRIP = NO;
				GCC_C_LANGUAGE_STANDARD = gnu99;
				GCC_DYNAMIC_NO_PIC = NO;
				GCC_OPTIMIZATION_LEVEL = 0;
				GCC_PREPROCESSOR_DEFINITIONS = (
					"DEBUG=1",
					"$(inherited)",
				);
				GCC_SYMBOLS_PRIVATE_EXTERN = NO;
				GCC_VERSION = com.apple.compilers.llvm.clang.1_0;
				GCC_WARN_ABOUT_MISSING_PROTOTYPES = YES;
				GCC_WARN_ABOUT_RETURN_TYPE = YES;
				GCC_WARN_UNUSED_VARIABLE = YES;
				IPHONEOS_DEPLOYMENT_TARGET = 5.0;
				SDKROOT = iphoneos;
				TARGETED_DEVICE_FAMILY = "1,2";
			};
			name = Debug;
		};
		0E12A2791476532D00C5D2B0 /* Release */ = {
			isa = XCBuildConfiguration;
			buildSettings = {
				ALWAYS_SEARCH_USER_PATHS = NO;
				ARCHS = "$(ARCHS_STANDARD_32_BIT)";
				"CODE_SIGN_IDENTITY[sdk=iphoneos*]" = "iPhone Developer";
				COPY_PHASE_STRIP = YES;
				GCC_C_LANGUAGE_STANDARD = gnu99;
				GCC_VERSION = com.apple.compilers.llvm.clang.1_0;
				GCC_WARN_ABOUT_MISSING_PROTOTYPES = YES;
				GCC_WARN_ABOUT_RETURN_TYPE = YES;
				GCC_WARN_UNUSED_VARIABLE = YES;
				IPHONEOS_DEPLOYMENT_TARGET = 5.0;
				OTHER_CFLAGS = "-DNS_BLOCK_ASSERTIONS=1";
				SDKROOT = iphoneos;
				TARGETED_DEVICE_FAMILY = "1,2";
				VALIDATE_PRODUCT = YES;
			};
			name = Release;
		};
		0E12A27B1476532D00C5D2B0 /* Debug */ = {
			isa = XCBuildConfiguration;
			buildSettings = {
				GCC_PRECOMPILE_PREFIX_HEADER = YES;
				GCC_PREFIX_HEADER = "CocoaPodsSample/CocoaPodsSample-Prefix.pch";
				INFOPLIST_FILE = "CocoaPodsSample/CocoaPodsSample-Info.plist";
				PRODUCT_NAME = "$(TARGET_NAME)";
				WRAPPER_EXTENSION = app;
			};
			name = Debug;
		};
		0E12A27C1476532D00C5D2B0 /* Release */ = {
			isa = XCBuildConfiguration;
			buildSettings = {
				GCC_PRECOMPILE_PREFIX_HEADER = YES;
				GCC_PREFIX_HEADER = "CocoaPodsSample/CocoaPodsSample-Prefix.pch";
				INFOPLIST_FILE = "CocoaPodsSample/CocoaPodsSample-Info.plist";
				PRODUCT_NAME = "$(TARGET_NAME)";
				WRAPPER_EXTENSION = app;
			};
			name = Release;
		};
/* End XCBuildConfiguration section */

/* Begin XCConfigurationList section */
		0E12A25C1476532C00C5D2B0 /* Build configuration list for PBXProject "CocoaPodsSample" */ = {
			isa = XCConfigurationList;
			buildConfigurations = (
				0E12A2781476532D00C5D2B0 /* Debug */,
				0E12A2791476532D00C5D2B0 /* Release */,
			);
			defaultConfigurationIsVisible = 0;
			defaultConfigurationName = Release;
		};
		0E12A27A1476532D00C5D2B0 /* Build configuration list for PBXNativeTarget "CocoaPodsSample" */ = {
			isa = XCConfigurationList;
			buildConfigurations = (
				0E12A27B1476532D00C5D2B0 /* Debug */,
				0E12A27C1476532D00C5D2B0 /* Release */,
			);
			defaultConfigurationIsVisible = 0;
		};
/* End XCConfigurationList section */
	};
	rootObject = 0E12A2591476532C00C5D2B0 /* Project object */;
}
